{
  "name": "quickmen",
  "version": "1.0.0",
  "lockfileVersion": 2,
  "requires": true,
  "packages": {
    "": {
      "version": "1.0.0",
      "license": "ISC",
      "dependencies": {
        "kaboom": "^0.5.1"
      }
    },
    "node_modules/kaboom": {
      "version": "0.5.1",
      "resolved": "https://registry.npmjs.org/kaboom/-/kaboom-0.5.1.tgz",
      "integrity": "sha512-OgNAQBquC2WQNQAKkOmDclAKJ0zDSqPMEYPF8/QOPlWt42umAO0JI3RSDlGJvg1HQcVIXUxrvPUvmjgTv6c2/A=="
    }
  },
  "dependencies": {
    "kaboom": {
      "version": "0.5.1",
      "resolved": "https://registry.npmjs.org/kaboom/-/kaboom-0.5.1.tgz",
      "integrity": "sha512-OgNAQBquC2WQNQAKkOmDclAKJ0zDSqPMEYPF8/QOPlWt42umAO0JI3RSDlGJvg1HQcVIXUxrvPUvmjgTv6c2/A=="
    }
  }
}
